
Microsoft Visual Studio Solution File, Format Version 12.00
# Visual Studio Version 16
VisualStudioVersion = 16.0.29519.87
MinimumVisualStudioVersion = 10.0.40219.1
Project("{FAE04EC0-301F-11D3-BF4B-00C04F79EFBC}") = "MCCBounceEnable2", "MCCBounceEnable\MCCBounceEnable.csproj", "{9CCEDCC1-E7B5-43BF-89D3-FC10C8EE95BD}"
EndProject
Global
	GlobalSection(SolutionConfigurationPlatforms) = preSolution
		Debug|Any CPU = Debug|Any CPU
		Release|Any CPU = Release|Any CPU
	EndGlobalSection
	GlobalSection(ProjectConfigurationPlatforms) = postSolution
		{9CCEDCC1-E7B5-43BF-89D3-FC10C8EE95BD}.Debug|Any CPU.ActiveCfg = Debug|Any CPU
		{9CCEDCC1-E7B5-43BF-89D3-FC10C8EE95BD}.Debug|Any CPU.Build.0 = Debug|Any CPU
		{9CCEDCC1-E7B5-43BF-89D3-FC10C8EE95BD}.Release|Any CPU.ActiveCfg = Release|Any CPU
		{9CCEDCC1-E7B5-43BF-89D3-FC10C8EE95BD}.Release|Any CPU.Build.0 = Release|Any CPU
	EndGlobalSection
	GlobalSection(SolutionProperties) = preSolution
		HideSolutionNode = FALSE
	EndGlobalSection
	GlobalSection(ExtensibilityGlobals) = postSolution
		SolutionGuid = {B8ED375E-A641-437F-B0BD-35B6EA0276C3}
	EndGlobalSection
EndGlobal
